<?xml version="1.0" encoding="utf-8"?>
<Project ToolsVersion="4.0" xmlns="http://schemas.microsoft.com/developer/msbuild/2003">
  <ItemGroup>
    <Filter Include="Source Files">
      <UniqueIdentifier>{4FC737F1-C7A5-4376-A066-2A32D752A2FF}</UniqueIdentifier>
      <Extensions>cpp;c;cc;cxx;def;odl;idl;hpj;bat;asm;asmx</Extensions>
    </Filter>
    <Filter Include="Header Files">
      <UniqueIdentifier>{93995380-89BD-4b04-88EB-625FBE52EBFB}</UniqueIdentifier>
      <Extensions>h;hh;hpp;hxx;hm;inl;inc;xsd</Extensions>
    </Filter>
    <Filter Include="Resource Files">
      <UniqueIdentifier>{67DA6AB6-F800-4c08-8B7A-83BB121AAD01}</UniqueIdentifier>
      <Extensions>rc;ico;cur;bmp;dlg;rc2;rct;bin;rgs;gif;jpg;jpeg;jpe;resx;tiff;tif;png;wav;mfcribbon-ms</Extensions>
    </Filter>
    <Filter Include="Form Files">
      <UniqueIdentifier>{99349809-55BA-4b9d-BF79-8FDBB0286EB3}</UniqueIdentifier>
      <Extensions>ui</Extensions>
    </Filter>
    <Filter Include="Resource Files">
      <UniqueIdentifier>{D9D6E242-F8AF-46E4-B9FD-80ECBC20BA3E}</UniqueIdentifier>
      <Extensions>qrc;*</Extensions>
      <ParseFiles>false</ParseFiles>
    </Filter>
    <Filter Include="Form Files\GraphicWindow">
      <UniqueIdentifier>{bea2cd51-52f5-4dd5-8844-062518ef9e03}</UniqueIdentifier>
    </Filter>
    <Filter Include="Form Files\ParametersWindow">
      <UniqueIdentifier>{c06c7f64-e0b8-4fac-a025-d6366db12105}</UniqueIdentifier>
    </Filter>
    <Filter Include="Form Files\ProductEditWindow">
      <UniqueIdentifier>{b098b646-9173-43e1-a04f-37261903f722}</UniqueIdentifier>
    </Filter>
    <Filter Include="Header Files\core">
      <UniqueIdentifier>{0a7448b2-c81f-4f11-b812-f8b847b490c3}</UniqueIdentifier>
    </Filter>
    <Filter Include="Source Files\core">
      <UniqueIdentifier>{124f1068-1cc8-4abe-96ee-ade9ffc1c52a}</UniqueIdentifier>
    </Filter>
    <Filter Include="Source Files\core\slicers">
      <UniqueIdentifier>{0a2db94a-92a9-46c3-bf46-d08d57f14c04}</UniqueIdentifier>
    </Filter>
    <Filter Include="Header Files\core\slicers">
      <UniqueIdentifier>{193855bd-32e7-4062-b517-6d1968bcbcc4}</UniqueIdentifier>
    </Filter>
    <Filter Include="Header Files\core\sorters">
      <UniqueIdentifier>{a55c02ad-1687-467b-8257-d16c52a84524}</UniqueIdentifier>
    </Filter>
    <Filter Include="Source Files\core\sorters">
      <UniqueIdentifier>{c0ac488e-2aa7-44e8-a5a6-faf8ff84ad80}</UniqueIdentifier>
    </Filter>
  </ItemGroup>
  <ItemGroup>
    <ClCompile Include="main.cpp">
      <Filter>Source Files</Filter>
    </ClCompile>
    <ClCompile Include="UI\GraphicWindow.cpp">
      <Filter>Form Files\GraphicWindow</Filter>
    </ClCompile>
    <ClCompile Include="UI\ParametersWindow.cpp">
      <Filter>Form Files\ParametersWindow</Filter>
    </ClCompile>
    <ClCompile Include="UI\ProductEditWindow.cpp">
      <Filter>Form Files\ProductEditWindow</Filter>
    </ClCompile>
    <ClCompile Include="core\MaterialContainer.cpp">
      <Filter>Source Files\core</Filter>
    </ClCompile>
    <ClCompile Include="core\RectMaterial.cpp">
      <Filter>Source Files\core</Filter>
    </ClCompile>
    <ClCompile Include="core\sorters\DecreasingHeightSorter.cpp">
      <Filter>Source Files\core\sorters</Filter>
    </ClCompile>
    <ClCompile Include="core\slicers\FCNRSlicer.cpp">
      <Filter>Source Files\core\slicers</Filter>
    </ClCompile>
    <ClCompile Include="core\slicers\FFDHSlicer.cpp">
      <Filter>Source Files\core\slicers</Filter>
    </ClCompile>
    <ClCompile Include="core\slicers\NFDHSlicer.cpp">
      <Filter>Source Files\core\slicers</Filter>
    </ClCompile>
    <ClCompile Include="core\slicers\SFSlicer.cpp">
      <Filter>Source Files\core\slicers</Filter>
    </ClCompile>
    <ClCompile Include="core\RectSliceManager.cpp">
      <Filter>Source Files\core</Filter>
    </ClCompile>
    <ClCompile Include="core\slicers\BFDHSlicer.cpp">
      <Filter>Source Files\core\slicers</Filter>
    </ClCompile>
    <ClCompile Include="core\slicers\ZEV2Slicer.cpp">
      <Filter>Source Files\core\slicers</Filter>
    </ClCompile>
    <ClCompile Include="core\slicers\ZESlicer.cpp">
      <Filter>Source Files\core\slicers</Filter>
    </ClCompile>
    <ClCompile Include="core\sorters\DecreasingAreaSorter.cpp">
      <Filter>Source Files\core\sorters</Filter>
    </ClCompile>
  </ItemGroup>
  <ItemGroup>
    <QtMoc Include="UI\GraphicWindow.h">
      <Filter>Form Files\GraphicWindow</Filter>
    </QtMoc>
    <QtMoc Include="UI\ParametersWindow.h">
      <Filter>Form Files\ParametersWindow</Filter>
    </QtMoc>
    <QtMoc Include="UI\ProductEditWindow.h">
      <Filter>Form Files\ProductEditWindow</Filter>
    </QtMoc>
  </ItemGroup>
  <ItemGroup>
    <QtUic Include="UI\GraphicWindow.ui">
      <Filter>Form Files\GraphicWindow</Filter>
    </QtUic>
    <QtUic Include="UI\ParametersWindow.ui">
      <Filter>Form Files\ParametersWindow</Filter>
    </QtUic>
    <QtUic Include="UI\ProductEditWindow.ui">
      <Filter>Form Files\ProductEditWindow</Filter>
    </QtUic>
  </ItemGroup>
  <ItemGroup>
    <ClInclude Include="core\Container.h">
      <Filter>Header Files\core</Filter>
    </ClInclude>
    <ClInclude Include="core\IMaterial.h">
      <Filter>Header Files\core</Filter>
    </ClInclude>
    <ClInclude Include="core\MaterialContainer.h">
      <Filter>Header Files\core</Filter>
    </ClInclude>
    <ClInclude Include="core\Point.h">
      <Filter>Header Files\core</Filter>
    </ClInclude>
    <ClInclude Include="core\RectMaterial.h">
      <Filter>Header Files\core</Filter>
    </ClInclude>
    <ClInclude Include="core\slicers\FCNRSlicer.h">
      <Filter>Header Files\core\slicers</Filter>
    </ClInclude>
    <ClInclude Include="core\slicers\FFDHSlicer.h">
      <Filter>Header Files\core\slicers</Filter>
    </ClInclude>
    <ClInclude Include="core\slicers\ISlicer.h">
      <Filter>Header Files\core\slicers</Filter>
    </ClInclude>
    <ClInclude Include="core\slicers\Level.h">
      <Filter>Header Files\core\slicers</Filter>
    </ClInclude>
    <ClInclude Include="core\slicers\NFDHSlicer.h">
      <Filter>Header Files\core\slicers</Filter>
    </ClInclude>
    <ClInclude Include="core\slicers\SFSlicer.h">
      <Filter>Header Files\core\slicers</Filter>
    </ClInclude>
    <ClInclude Include="core\slicers\SliceResult.h">
      <Filter>Header Files\core\slicers</Filter>
    </ClInclude>
    <ClInclude Include="core\sorters\DecreasingHeightSorter.h">
      <Filter>Header Files\core\sorters</Filter>
    </ClInclude>
    <ClInclude Include="core\sorters\IMaterialSorter.h">
      <Filter>Header Files\core\sorters</Filter>
    </ClInclude>
    <ClInclude Include="core\ISliceManager.h">
      <Filter>Header Files\core</Filter>
    </ClInclude>
    <ClInclude Include="core\RectSliceManager.h">
      <Filter>Header Files\core</Filter>
    </ClInclude>
    <ClInclude Include="core\slicers\BFDHSlicer.h">
      <Filter>Header Files\core\slicers</Filter>
    </ClInclude>
    <ClInclude Include="core\slicers\ZESlicer.h">
      <Filter>Header Files\core\slicers</Filter>
    </ClInclude>
    <ClInclude Include="core\slicers\ZEV2Slicer.h">
      <Filter>Header Files\core\slicers</Filter>
    </ClInclude>
    <ClInclude Include="core\sorters\DecreasingAreaSorter.h">
      <Filter>Header Files\core\sorters</Filter>
    </ClInclude>
  </ItemGroup>
</Project>